
Microsoft Visual Studio Solution File, Format Version 12.00
# Visual Studio Version 16
VisualStudioVersion = 16.0.30309.148
MinimumVisualStudioVersion = 10.0.40219.1
Project("{FAE04EC0-301F-11D3-BF4B-00C04F79EFBC}") = "MSBTExtract", "MSBTExtract\MSBTExtract.csproj", "{B0B2C1AE-1DE8-4056-B035-1FADADD5632E}"
EndProject
Project("{FAE04EC0-301F-11D3-BF4B-00C04F79EFBC}") = "MSBT", "MSBT\MSBT.csproj", "{39498DB7-43D0-4A28-81CC-1244B99F10C7}"
EndProject
Global
	GlobalSection(SolutionConfigurationPlatforms) = preSolution
		Debug|Any CPU = Debug|Any CPU
		Release|Any CPU = Release|Any CPU
	EndGlobalSection
	GlobalSection(ProjectConfigurationPlatforms) = postSolution
		{B0B2C1AE-1DE8-4056-B035-1FADADD5632E}.Debug|Any CPU.ActiveCfg = Debug|Any CPU
		{B0B2C1AE-1DE8-4056-B035-1FADADD5632E}.Debug|Any CPU.Build.0 = Debug|Any CPU
		{B0B2C1AE-1DE8-4056-B035-1FADADD5632E}.Release|Any CPU.ActiveCfg = Release|Any CPU
		{B0B2C1AE-1DE8-4056-B035-1FADADD5632E}.Release|Any CPU.Build.0 = Release|Any CPU
		{39498DB7-43D0-4A28-81CC-1244B99F10C7}.Debug|Any CPU.ActiveCfg = Debug|Any CPU
		{39498DB7-43D0-4A28-81CC-1244B99F10C7}.Debug|Any CPU.Build.0 = Debug|Any CPU
		{39498DB7-43D0-4A28-81CC-1244B99F10C7}.Release|Any CPU.ActiveCfg = Release|Any CPU
		{39498DB7-43D0-4A28-81CC-1244B99F10C7}.Release|Any CPU.Build.0 = Release|Any CPU
	EndGlobalSection
	GlobalSection(SolutionProperties) = preSolution
		HideSolutionNode = FALSE
	EndGlobalSection
	GlobalSection(ExtensibilityGlobals) = postSolution
		SolutionGuid = {0AE23624-C857-40AA-B61A-78FA06733AC5}
	EndGlobalSection
EndGlobal
